// !$*UTF8*$!
{
	archiveVersion = 1;
	classes = {
	};
	objectVersion = 51;
	objects = {

/* Begin PBXBuildFile section */
		768C30B149A44C5DB2946356 /* Pods_ParseChat.framework in Frameworks */ = {isa = PBXBuildFile; fileRef = 58E055A462777D8205A70E29 /* Pods_ParseChat.framework */; };
		9C068C1F267BB8FA00F087C6 /* AppDelegate.m in Sources */ = {isa = PBXBuildFile; fileRef = 9C068C1E267BB8FA00F087C6 /* AppDelegate.m */; };
		9C068C22267BB8FA00F087C6 /* SceneDelegate.m in Sources */ = {isa = PBXBuildFile; fileRef = 9C068C21267BB8FA00F087C6 /* SceneDelegate.m */; };
		9C068C25267BB8FA00F087C6 /* ViewController.m in Sources */ = {isa = PBXBuildFile; fileRef = 9C068C24267BB8FA00F087C6 /* ViewController.m */; };
		9C068C28267BB8FA00F087C6 /* Main.storyboard in Resources */ = {isa = PBXBuildFile; fileRef = 9C068C26267BB8FA00F087C6 /* Main.storyboard */; };
		9C068C2A267BB8FF00F087C6 /* Assets.xcassets in Resources */ = {isa = PBXBuildFile; fileRef = 9C068C29267BB8FF00F087C6 /* Assets.xcassets */; };
		9C068C2D267BB8FF00F087C6 /* LaunchScreen.storyboard in Resources */ = {isa = PBXBuildFile; fileRef = 9C068C2B267BB8FF00F087C6 /* LaunchScreen.storyboard */; };
		9C068C30267BB8FF00F087C6 /* main.m in Sources */ = {isa = PBXBuildFile; fileRef = 9C068C2F267BB8FF00F087C6 /* main.m */; };
		9C068C3A267BB8FF00F087C6 /* ParseChatTests.m in Sources */ = {isa = PBXBuildFile; fileRef = 9C068C39267BB8FF00F087C6 /* ParseChatTests.m */; };
		9C068C45267BB8FF00F087C6 /* ParseChatUITests.m in Sources */ = {isa = PBXBuildFile; fileRef = 9C068C44267BB8FF00F087C6 /* ParseChatUITests.m */; };
		9C068C54267BBCC300F087C6 /* LoginViewController.m in Sources */ = {isa = PBXBuildFile; fileRef = 9C068C53267BBCC300F087C6 /* LoginViewController.m */; };
		9C068C57267BC1BF00F087C6 /* ChatViewController.m in Sources */ = {isa = PBXBuildFile; fileRef = 9C068C56267BC1BF00F087C6 /* ChatViewController.m */; };
		9C068C5A267BC40A00F087C6 /* MessageCell.m in Sources */ = {isa = PBXBuildFile; fileRef = 9C068C59267BC40A00F087C6 /* MessageCell.m */; };
		E57B102F200676CE36F1EE70 /* Pods_ParseChat_ParseChatUITests.framework in Frameworks */ = {isa = PBXBuildFile; fileRef = C5F132536CDECCFC15526848 /* Pods_ParseChat_ParseChatUITests.framework */; };
		F14C3831819CB8791BC0E35B /* Pods_ParseChatTests.framework in Frameworks */ = {isa = PBXBuildFile; fileRef = 794D5688C1B3DC06EDC38190 /* Pods_ParseChatTests.framework */; };
/* End PBXBuildFile section */

/* Begin PBXContainerItemProxy section */
		9C068C36267BB8FF00F087C6 /* PBXContainerItemProxy */ = {
			isa = PBXContainerItemProxy;
			containerPortal = 9C068C12267BB8FA00F087C6 /* Project object */;
			proxyType = 1;
			remoteGlobalIDString = 9C068C19267BB8FA00F087C6;
			remoteInfo = ParseChat;
		};
		9C068C41267BB8FF00F087C6 /* PBXContainerItemProxy */ = {
			isa = PBXContainerItemProxy;
			containerPortal = 9C068C12267BB8FA00F087C6 /* Project object */;
			proxyType = 1;
			remoteGlobalIDString = 9C068C19267BB8FA00F087C6;
			remoteInfo = ParseChat;
		};
/* End PBXContainerItemProxy section */

/* Begin PBXFileReference section */
		09BF74B0DA2FA35A2DBAC54A /* Pods-ParseChat-ParseChatUITests.debug.xcconfig */ = {isa = PBXFileReference; includeInIndex = 1; lastKnownFileType = text.xcconfig; name = "Pods-ParseChat-ParseChatUITests.debug.xcconfig"; path = "Target Support Files/Pods-ParseChat-ParseChatUITests/Pods-ParseChat-ParseChatUITests.debug.xcconfig"; sourceTree = "<group>"; };
		3B5BEF223E09F452609850C1 /* Pods-ParseChat-ParseChatUITests.release.xcconfig */ = {isa = PBXFileReference; includeInIndex = 1; lastKnownFileType = text.xcconfig; name = "Pods-ParseChat-ParseChatUITests.release.xcconfig"; path = "Target Support Files/Pods-ParseChat-ParseChatUITests/Pods-ParseChat-ParseChatUITests.release.xcconfig"; sourceTree = "<group>"; };
		43DBF3637B721DDC2731507E /* Pods-ParseChatTests.debug.xcconfig */ = {isa = PBXFileReference; includeInIndex = 1; lastKnownFileType = text.xcconfig; name = "Pods-ParseChatTests.debug.xcconfig"; path = "Target Support Files/Pods-ParseChatTests/Pods-ParseChatTests.debug.xcconfig"; sourceTree = "<group>"; };
		58E055A462777D8205A70E29 /* Pods_ParseChat.framework */ = {isa = PBXFileReference; explicitFileType = wrapper.framework; includeInIndex = 0; path = Pods_ParseChat.framework; sourceTree = BUILT_PRODUCTS_DIR; };
		794D5688C1B3DC06EDC38190 /* Pods_ParseChatTests.framework */ = {isa = PBXFileReference; explicitFileType = wrapper.framework; includeInIndex = 0; path = Pods_ParseChatTests.framework; sourceTree = BUILT_PRODUCTS_DIR; };
		7C818DAC5938617EE174F0CC /* Pods-ParseChat.release.xcconfig */ = {isa = PBXFileReference; includeInIndex = 1; lastKnownFileType = text.xcconfig; name = "Pods-ParseChat.release.xcconfig"; path = "Target Support Files/Pods-ParseChat/Pods-ParseChat.release.xcconfig"; sourceTree = "<group>"; };
		93A08A0F23EE42504AD054F7 /* Pods-ParseChatTests.release.xcconfig */ = {isa = PBXFileReference; includeInIndex = 1; lastKnownFileType = text.xcconfig; name = "Pods-ParseChatTests.release.xcconfig"; path = "Target Support Files/Pods-ParseChatTests/Pods-ParseChatTests.release.xcconfig"; sourceTree = "<group>"; };
		96359A3D3FE2FFFA60DE4EE7 /* Pods-ParseChat.debug.xcconfig */ = {isa = PBXFileReference; includeInIndex = 1; lastKnownFileType = text.xcconfig; name = "Pods-ParseChat.debug.xcconfig"; path = "Target Support Files/Pods-ParseChat/Pods-ParseChat.debug.xcconfig"; sourceTree = "<group>"; };
		9C068C1A267BB8FA00F087C6 /* ParseChat.app */ = {isa = PBXFileReference; explicitFileType = wrapper.application; includeInIndex = 0; path = ParseChat.app; sourceTree = BUILT_PRODUCTS_DIR; };
		9C068C1D267BB8FA00F087C6 /* AppDelegate.h */ = {isa = PBXFileReference; lastKnownFileType = sourcecode.c.h; path = AppDelegate.h; sourceTree = "<group>"; };
		9C068C1E267BB8FA00F087C6 /* AppDelegate.m */ = {isa = PBXFileReference; lastKnownFileType = sourcecode.c.objc; path = AppDelegate.m; sourceTree = "<group>"; };
		9C068C20267BB8FA00F087C6 /* SceneDelegate.h */ = {isa = PBXFileReference; lastKnownFileType = sourcecode.c.h; path = SceneDelegate.h; sourceTree = "<group>"; };
		9C068C21267BB8FA00F087C6 /* SceneDelegate.m */ = {isa = PBXFileReference; lastKnownFileType = sourcecode.c.objc; path = SceneDelegate.m; sourceTree = "<group>"; };
		9C068C23267BB8FA00F087C6 /* ViewController.h */ = {isa = PBXFileReference; lastKnownFileType = sourcecode.c.h; path = ViewController.h; sourceTree = "<group>"; };
		9C068C24267BB8FA00F087C6 /* ViewController.m */ = {isa = PBXFileReference; lastKnownFileType = sourcecode.c.objc; path = ViewController.m; sourceTree = "<group>"; };
		9C068C27267BB8FA00F087C6 /* Base */ = {isa = PBXFileReference; lastKnownFileType = file.storyboard; name = Base; path = Base.lproj/Main.storyboard; sourceTree = "<group>"; };
		9C068C29267BB8FF00F087C6 /* Assets.xcassets */ = {isa = PBXFileReference; lastKnownFileType = folder.assetcatalog; path = Assets.xcassets; sourceTree = "<group>"; };
		9C068C2C267BB8FF00F087C6 /* Base */ = {isa = PBXFileReference; lastKnownFileType = file.storyboard; name = Base; path = Base.lproj/LaunchScreen.storyboard; sourceTree = "<group>"; };
		9C068C2E267BB8FF00F087C6 /* Info.plist */ = {isa = PBXFileReference; lastKnownFileType = text.plist.xml; path = Info.plist; sourceTree = "<group>"; };
		9C068C2F267BB8FF00F087C6 /* main.m */ = {isa = PBXFileReference; lastKnownFileType = sourcecode.c.objc; path = main.m; sourceTree = "<group>"; };
		9C068C35267BB8FF00F087C6 /* ParseChatTests.xctest */ = {isa = PBXFileReference; explicitFileType = wrapper.cfbundle; includeInIndex = 0; path = ParseChatTests.xctest; sourceTree = BUILT_PRODUCTS_DIR; };
		9C068C39267BB8FF00F087C6 /* ParseChatTests.m */ = {isa = PBXFileReference; lastKnownFileType = sourcecode.c.objc; path = ParseChatTests.m; sourceTree = "<group>"; };
		9C068C3B267BB8FF00F087C6 /* Info.plist */ = {isa = PBXFileReference; lastKnownFileType = text.plist.xml; path = Info.plist; sourceTree = "<group>"; };
		9C068C40267BB8FF00F087C6 /* ParseChatUITests.xctest */ = {isa = PBXFileReference; explicitFileType = wrapper.cfbundle; includeInIndex = 0; path = ParseChatUITests.xctest; sourceTree = BUILT_PRODUCTS_DIR; };
		9C068C44267BB8FF00F087C6 /* ParseChatUITests.m */ = {isa = PBXFileReference; lastKnownFileType = sourcecode.c.objc; path = ParseChatUITests.m; sourceTree = "<group>"; };
		9C068C46267BB8FF00F087C6 /* Info.plist */ = {isa = PBXFileReference; lastKnownFileType = text.plist.xml; path = Info.plist; sourceTree = "<group>"; };
		9C068C52267BBCC300F087C6 /* LoginViewController.h */ = {isa = PBXFileReference; lastKnownFileType = sourcecode.c.h; path = LoginViewController.h; sourceTree = "<group>"; };
		9C068C53267BBCC300F087C6 /* LoginViewController.m */ = {isa = PBXFileReference; lastKnownFileType = sourcecode.c.objc; path = LoginViewController.m; sourceTree = "<group>"; };
		9C068C55267BC1BF00F087C6 /* ChatViewController.h */ = {isa = PBXFileReference; lastKnownFileType = sourcecode.c.h; path = ChatViewController.h; sourceTree = "<group>"; };
		9C068C56267BC1BF00F087C6 /* ChatViewController.m */ = {isa = PBXFileReference; lastKnownFileType = sourcecode.c.objc; path = ChatViewController.m; sourceTree = "<group>"; };
		9C068C58267BC40A00F087C6 /* MessageCell.h */ = {isa = PBXFileReference; lastKnownFileType = sourcecode.c.h; path = MessageCell.h; sourceTree = "<group>"; };
		9C068C59267BC40A00F087C6 /* MessageCell.m */ = {isa = PBXFileReference; lastKnownFileType = sourcecode.c.objc; path = MessageCell.m; sourceTree = "<group>"; };
		C5F132536CDECCFC15526848 /* Pods_ParseChat_ParseChatUITests.framework */ = {isa = PBXFileReference; explicitFileType = wrapper.framework; includeInIndex = 0; path = Pods_ParseChat_ParseChatUITests.framework; sourceTree = BUILT_PRODUCTS_DIR; };
/* End PBXFileReference section */

/* Begin PBXFrameworksBuildPhase section */
		9C068C17267BB8FA00F087C6 /* Frameworks */ = {
			isa = PBXFrameworksBuildPhase;
			buildActionMask = 2147483647;
			files = (
				768C30B149A44C5DB2946356 /* Pods_ParseChat.framework in Frameworks */,
			);
			runOnlyForDeploymentPostprocessing = 0;
		};
		9C068C32267BB8FF00F087C6 /* Frameworks */ = {
			isa = PBXFrameworksBuildPhase;
			buildActionMask = 2147483647;
			files = (
				F14C3831819CB8791BC0E35B /* Pods_ParseChatTests.framework in Frameworks */,
			);
			runOnlyForDeploymentPostprocessing = 0;
		};
		9C068C3D267BB8FF00F087C6 /* Frameworks */ = {
			isa = PBXFrameworksBuildPhase;
			buildActionMask = 2147483647;
			files = (
				E57B102F200676CE36F1EE70 /* Pods_ParseChat_ParseChatUITests.framework in Frameworks */,
			);
			runOnlyForDeploymentPostprocessing = 0;
		};
/* End PBXFrameworksBuildPhase section */

/* Begin PBXGroup section */
		0262CE80AB7430F2EF3DAC2A /* Frameworks */ = {
			isa = PBXGroup;
			children = (
				58E055A462777D8205A70E29 /* Pods_ParseChat.framework */,
				C5F132536CDECCFC15526848 /* Pods_ParseChat_ParseChatUITests.framework */,
				794D5688C1B3DC06EDC38190 /* Pods_ParseChatTests.framework */,
			);
			name = Frameworks;
			sourceTree = "<group>";
		};
		9C068C11267BB8FA00F087C6 = {
			isa = PBXGroup;
			children = (
				9C068C1C267BB8FA00F087C6 /* ParseChat */,
				9C068C38267BB8FF00F087C6 /* ParseChatTests */,
				9C068C43267BB8FF00F087C6 /* ParseChatUITests */,
				9C068C1B267BB8FA00F087C6 /* Products */,
				FFE6DC42769296EF61B3DE99 /* Pods */,
				0262CE80AB7430F2EF3DAC2A /* Frameworks */,
			);
			sourceTree = "<group>";
		};
		9C068C1B267BB8FA00F087C6 /* Products */ = {
			isa = PBXGroup;
			children = (
				9C068C1A267BB8FA00F087C6 /* ParseChat.app */,
				9C068C35267BB8FF00F087C6 /* ParseChatTests.xctest */,
				9C068C40267BB8FF00F087C6 /* ParseChatUITests.xctest */,
			);
			name = Products;
			sourceTree = "<group>";
		};
		9C068C1C267BB8FA00F087C6 /* ParseChat */ = {
			isa = PBXGroup;
			children = (
				9C068C1D267BB8FA00F087C6 /* AppDelegate.h */,
				9C068C1E267BB8FA00F087C6 /* AppDelegate.m */,
				9C068C20267BB8FA00F087C6 /* SceneDelegate.h */,
				9C068C21267BB8FA00F087C6 /* SceneDelegate.m */,
				9C068C23267BB8FA00F087C6 /* ViewController.h */,
				9C068C24267BB8FA00F087C6 /* ViewController.m */,
				9C068C26267BB8FA00F087C6 /* Main.storyboard */,
				9C068C29267BB8FF00F087C6 /* Assets.xcassets */,
				9C068C2B267BB8FF00F087C6 /* LaunchScreen.storyboard */,
				9C068C2E267BB8FF00F087C6 /* Info.plist */,
				9C068C2F267BB8FF00F087C6 /* main.m */,
				9C068C52267BBCC300F087C6 /* LoginViewController.h */,
				9C068C53267BBCC300F087C6 /* LoginViewController.m */,
				9C068C55267BC1BF00F087C6 /* ChatViewController.h */,
				9C068C56267BC1BF00F087C6 /* ChatViewController.m */,
				9C068C58267BC40A00F087C6 /* MessageCell.h */,
				9C068C59267BC40A00F087C6 /* MessageCell.m */,
			);
			path = ParseChat;
			sourceTree = "<group>";
		};
		9C068C38267BB8FF00F087C6 /* ParseChatTests */ = {
			isa = PBXGroup;
			children = (
				9C068C39267BB8FF00F087C6 /* ParseChatTests.m */,
				9C068C3B267BB8FF00F087C6 /* Info.plist */,
			);
			path = ParseChatTests;
			sourceTree = "<group>";
		};
		9C068C43267BB8FF00F087C6 /* ParseChatUITests */ = {
			isa = PBXGroup;
			children = (
				9C068C44267BB8FF00F087C6 /* ParseChatUITests.m */,
				9C068C46267BB8FF00F087C6 /* Info.plist */,
			);
			path = ParseChatUITests;
			sourceTree = "<group>";
		};
		FFE6DC42769296EF61B3DE99 /* Pods */ = {
			isa = PBXGroup;
			children = (
				96359A3D3FE2FFFA60DE4EE7 /* Pods-ParseChat.debug.xcconfig */,
				7C818DAC5938617EE174F0CC /* Pods-ParseChat.release.xcconfig */,
				09BF74B0DA2FA35A2DBAC54A /* Pods-ParseChat-ParseChatUITests.debug.xcconfig */,
				3B5BEF223E09F452609850C1 /* Pods-ParseChat-ParseChatUITests.release.xcconfig */,
				43DBF3637B721DDC2731507E /* Pods-ParseChatTests.debug.xcconfig */,
				93A08A0F23EE42504AD054F7 /* Pods-ParseChatTests.release.xcconfig */,
			);
			path = Pods;
			sourceTree = "<group>";
		};
/* End PBXGroup section */

/* Begin PBXNativeTarget section */
		9C068C19267BB8FA00F087C6 /* ParseChat */ = {
			isa = PBXNativeTarget;
			buildConfigurationList = 9C068C49267BB8FF00F087C6 /* Build configuration list for PBXNativeTarget "ParseChat" */;
			buildPhases = (
				6A3A74A149AA7E6630165C57 /* [CP] Check Pods Manifest.lock */,
				9C068C16267BB8FA00F087C6 /* Sources */,
				9C068C17267BB8FA00F087C6 /* Frameworks */,
				9C068C18267BB8FA00F087C6 /* Resources */,
				DDF4F648EB3039E046E33868 /* [CP] Embed Pods Frameworks */,
			);
			buildRules = (
			);
			dependencies = (
			);
			name = ParseChat;
			productName = ParseChat;
			productReference = 9C068C1A267BB8FA00F087C6 /* ParseChat.app */;
			productType = "com.apple.product-type.application";
		};
		9C068C34267BB8FF00F087C6 /* ParseChatTests */ = {
			isa = PBXNativeTarget;
			buildConfigurationList = 9C068C4C267BB8FF00F087C6 /* Build configuration list for PBXNativeTarget "ParseChatTests" */;
			buildPhases = (
				DDE3941EFC0C77C1EEE02085 /* [CP] Check Pods Manifest.lock */,
				9C068C31267BB8FF00F087C6 /* Sources */,
				9C068C32267BB8FF00F087C6 /* Frameworks */,
				9C068C33267BB8FF00F087C6 /* Resources */,
			);
			buildRules = (
			);
			dependencies = (
				9C068C37267BB8FF00F087C6 /* PBXTargetDependency */,
			);
			name = ParseChatTests;
			productName = ParseChatTests;
			productReference = 9C068C35267BB8FF00F087C6 /* ParseChatTests.xctest */;
			productType = "com.apple.product-type.bundle.unit-test";
		};
		9C068C3F267BB8FF00F087C6 /* ParseChatUITests */ = {
			isa = PBXNativeTarget;
			buildConfigurationList = 9C068C4F267BB8FF00F087C6 /* Build configuration list for PBXNativeTarget "ParseChatUITests" */;
			buildPhases = (
				DD6B20E1AB52A848A760AA9A /* [CP] Check Pods Manifest.lock */,
				9C068C3C267BB8FF00F087C6 /* Sources */,
				9C068C3D267BB8FF00F087C6 /* Frameworks */,
				9C068C3E267BB8FF00F087C6 /* Resources */,
				F36B8E5D2285695F54069DF4 /* [CP] Embed Pods Frameworks */,
			);
			buildRules = (
			);
			dependencies = (
				9C068C42267BB8FF00F087C6 /* PBXTargetDependency */,
			);
			name = ParseChatUITests;
			productName = ParseChatUITests;
			productReference = 9C068C40267BB8FF00F087C6 /* ParseChatUITests.xctest */;
			productType = "com.apple.product-type.bundle.ui-testing";
		};
/* End PBXNativeTarget section */

/* Begin PBXProject section */
		9C068C12267BB8FA00F087C6 /* Project object */ = {
			isa = PBXProject;
			attributes = {
				LastUpgradeCheck = 1250;
				TargetAttributes = {
					9C068C19267BB8FA00F087C6 = {
						CreatedOnToolsVersion = 12.5;
					};
					9C068C34267BB8FF00F087C6 = {
						CreatedOnToolsVersion = 12.5;
						TestTargetID = 9C068C19267BB8FA00F087C6;
					};
					9C068C3F267BB8FF00F087C6 = {
						CreatedOnToolsVersion = 12.5;
						TestTargetID = 9C068C19267BB8FA00F087C6;
					};
				};
			};
			buildConfigurationList = 9C068C15267BB8FA00F087C6 /* Build configuration list for PBXProject "ParseChat" */;
			compatibilityVersion = "Xcode 9.3";
			developmentRegion = en;
			hasScannedForEncodings = 0;
			knownRegions = (
				en,
				Base,
			);
			mainGroup = 9C068C11267BB8FA00F087C6;
			productRefGroup = 9C068C1B267BB8FA00F087C6 /* Products */;
			projectDirPath = "";
			projectRoot = "";
			targets = (
				9C068C19267BB8FA00F087C6 /* ParseChat */,
				9C068C34267BB8FF00F087C6 /* ParseChatTests */,
				9C068C3F267BB8FF00F087C6 /* ParseChatUITests */,
			);
		};
/* End PBXProject section */

/* Begin PBXResourcesBuildPhase section */
		9C068C18267BB8FA00F087C6 /* Resources */ = {
			isa = PBXResourcesBuildPhase;
			buildActionMask = 2147483647;
			files = (
				9C068C2D267BB8FF00F087C6 /* LaunchScreen.storyboard in Resources */,
				9C068C2A267BB8FF00F087C6 /* Assets.xcassets in Resources */,
				9C068C28267BB8FA00F087C6 /* Main.storyboard in Resources */,
			);
			runOnlyForDeploymentPostprocessing = 0;
		};
		9C068C33267BB8FF00F087C6 /* Resources */ = {
			isa = PBXResourcesBuildPhase;
			buildActionMask = 2147483647;
			files = (
			);
			runOnlyForDeploymentPostprocessing = 0;
		};
		9C068C3E267BB8FF00F087C6 /* Resources */ = {
			isa = PBXResourcesBuildPhase;
			buildActionMask = 2147483647;
			files = (
			);
			runOnlyForDeploymentPostprocessing = 0;
		};
/* End PBXResourcesBuildPhase section */

/* Begin PBXShellScriptBuildPhase section */
		6A3A74A149AA7E6630165C57 /* [CP] Check Pods Manifest.lock */ = {
			isa = PBXShellScriptBuildPhase;
			buildActionMask = 2147483647;
			files = (
			);
			inputFileListPaths = (
			);
			inputPaths = (
				"${PODS_PODFILE_DIR_PATH}/Podfile.lock",
				"${PODS_ROOT}/Manifest.lock",
			);
			name = "[CP] Check Pods Manifest.lock";
			outputFileListPaths = (
			);
			outputPaths = (
				"$(DERIVED_FILE_DIR)/Pods-ParseChat-checkManifestLockResult.txt",
			);
			runOnlyForDeploymentPostprocessing = 0;
			shellPath = /bin/sh;
			shellScript = "diff \"${PODS_PODFILE_DIR_PATH}/Podfile.lock\" \"${PODS_ROOT}/Manifest.lock\" > /dev/null\nif [ $? != 0 ] ; then\n    # print error to STDERR\n    echo \"error: The sandbox is not in sync with the Podfile.lock. Run 'pod install' or update your CocoaPods installation.\" >&2\n    exit 1\nfi\n# This output is used by Xcode 'outputs' to avoid re-running this script phase.\necho \"SUCCESS\" > \"${SCRIPT_OUTPUT_FILE_0}\"\n";
			showEnvVarsInLog = 0;
		};
		DD6B20E1AB52A848A760AA9A /* [CP] Check Pods Manifest.lock */ = {
			isa = PBXShellScriptBuildPhase;
			buildActionMask = 2147483647;
			files = (
			);
			inputFileListPaths = (
			);
			inputPaths = (
				"${PODS_PODFILE_DIR_PATH}/Podfile.lock",
				"${PODS_ROOT}/Manifest.lock",
			);
			name = "[CP] Check Pods Manifest.lock";
			outputFileListPaths = (
			);
			outputPaths = (
				"$(DERIVED_FILE_DIR)/Pods-ParseChat-ParseChatUITests-checkManifestLockResult.txt",
			);
			runOnlyForDeploymentPostprocessing = 0;
			shellPath = /bin/sh;
			shellScript = "diff \"${PODS_PODFILE_DIR_PATH}/Podfile.lock\" \"${PODS_ROOT}/Manifest.lock\" > /dev/null\nif [ $? != 0 ] ; then\n    # print error to STDERR\n    echo \"error: The sandbox is not in sync with the Podfile.lock. Run 'pod install' or update your CocoaPods installation.\" >&2\n    exit 1\nfi\n# This output is used by Xcode 'outputs' to avoid re-running this script phase.\necho \"SUCCESS\" > \"${SCRIPT_OUTPUT_FILE_0}\"\n";
			showEnvVarsInLog = 0;
		};
		DDE3941EFC0C77C1EEE02085 /* [CP] Check Pods Manifest.lock */ = {
			isa = PBXShellScriptBuildPhase;
			buildActionMask = 2147483647;
			files = (
			);
			inputFileListPaths = (
			);
			inputPaths = (
				"${PODS_PODFILE_DIR_PATH}/Podfile.lock",
				"${PODS_ROOT}/Manifest.lock",
			);
			name = "[CP] Check Pods Manifest.lock";
			outputFileListPaths = (
			);
			outputPaths = (
				"$(DERIVED_FILE_DIR)/Pods-ParseChatTests-checkManifestLockResult.txt",
			);
			runOnlyForDeploymentPostprocessing = 0;
			shellPath = /bin/sh;
			shellScript = "diff \"${PODS_PODFILE_DIR_PATH}/Podfile.lock\" \"${PODS_ROOT}/Manifest.lock\" > /dev/null\nif [ $? != 0 ] ; then\n    # print error to STDERR\n    echo \"error: The sandbox is not in sync with the Podfile.lock. Run 'pod install' or update your CocoaPods installation.\" >&2\n    exit 1\nfi\n# This output is used by Xcode 'outputs' to avoid re-running this script phase.\necho \"SUCCESS\" > \"${SCRIPT_OUTPUT_FILE_0}\"\n";
			showEnvVarsInLog = 0;
		};
		DDF4F648EB3039E046E33868 /* [CP] Embed Pods Frameworks */ = {
			isa = PBXShellScriptBuildPhase;
			buildActionMask = 2147483647;
			files = (
			);
			inputFileListPaths = (
				"${PODS_ROOT}/Target Support Files/Pods-ParseChat/Pods-ParseChat-frameworks-${CONFIGURATION}-input-files.xcfilelist",
			);
			name = "[CP] Embed Pods Frameworks";
			outputFileListPaths = (
				"${PODS_ROOT}/Target Support Files/Pods-ParseChat/Pods-ParseChat-frameworks-${CONFIGURATION}-output-files.xcfilelist",
			);
			runOnlyForDeploymentPostprocessing = 0;
			shellPath = /bin/sh;
			shellScript = "\"${PODS_ROOT}/Target Support Files/Pods-ParseChat/Pods-ParseChat-frameworks.sh\"\n";
			showEnvVarsInLog = 0;
		};
		F36B8E5D2285695F54069DF4 /* [CP] Embed Pods Frameworks */ = {
			isa = PBXShellScriptBuildPhase;
			buildActionMask = 2147483647;
			files = (
			);
			inputFileListPaths = (
				"${PODS_ROOT}/Target Support Files/Pods-ParseChat-ParseChatUITests/Pods-ParseChat-ParseChatUITests-frameworks-${CONFIGURATION}-input-files.xcfilelist",
			);
			name = "[CP] Embed Pods Frameworks";
			outputFileListPaths = (
				"${PODS_ROOT}/Target Support Files/Pods-ParseChat-ParseChatUITests/Pods-ParseChat-ParseChatUITests-frameworks-${CONFIGURATION}-output-files.xcfilelist",
			);
			runOnlyForDeploymentPostprocessing = 0;
			shellPath = /bin/sh;
			shellScript = "\"${PODS_ROOT}/Target Support Files/Pods-ParseChat-ParseChatUITests/Pods-ParseChat-ParseChatUITests-frameworks.sh\"\n";
			showEnvVarsInLog = 0;
		};
/* End PBXShellScriptBuildPhase section */

/* Begin PBXSourcesBuildPhase section */
		9C068C16267BB8FA00F087C6 /* Sources */ = {
			isa = PBXSourcesBuildPhase;
			buildActionMask = 2147483647;
			files = (
				9C068C25267BB8FA00F087C6 /* ViewController.m in Sources */,
				9C068C1F267BB8FA00F087C6 /* AppDelegate.m in Sources */,
				9C068C57267BC1BF00F087C6 /* ChatViewController.m in Sources */,
				9C068C30267BB8FF00F087C6 /* main.m in Sources */,
				9C068C22267BB8FA00F087C6 /* SceneDelegate.m in Sources */,
				9C068C5A267BC40A00F087C6 /* MessageCell.m in Sources */,
				9C068C54267BBCC300F087C6 /* LoginViewController.m in Sources */,
			);
			runOnlyForDeploymentPostprocessing = 0;
		};
		9C068C31267BB8FF00F087C6 /* Sources */ = {
			isa = PBXSourcesBuildPhase;
			buildActionMask = 2147483647;
			files = (
				9C068C3A267BB8FF00F087C6 /* ParseChatTests.m in Sources */,
			);
			runOnlyForDeploymentPostprocessing = 0;
		};
		9C068C3C267BB8FF00F087C6 /* Sources */ = {
			isa = PBXSourcesBuildPhase;
			buildActionMask = 2147483647;
			files = (
				9C068C45267BB8FF00F087C6 /* ParseChatUITests.m in Sources */,
			);
			runOnlyForDeploymentPostprocessing = 0;
		};
/* End PBXSourcesBuildPhase section */

/* Begin PBXTargetDependency section */
		9C068C37267BB8FF00F087C6 /* PBXTargetDependency */ = {
			isa = PBXTargetDependency;
			target = 9C068C19267BB8FA00F087C6 /* ParseChat */;
			targetProxy = 9C068C36267BB8FF00F087C6 /* PBXContainerItemProxy */;
		};
		9C068C42267BB8FF00F087C6 /* PBXTargetDependency */ = {
			isa = PBXTargetDependency;
			target = 9C068C19267BB8FA00F087C6 /* ParseChat */;
			targetProxy = 9C068C41267BB8FF00F087C6 /* PBXContainerItemProxy */;
		};
/* End PBXTargetDependency section */

/* Begin PBXVariantGroup section */
		9C068C26267BB8FA00F087C6 /* Main.storyboard */ = {
			isa = PBXVariantGroup;
			children = (
				9C068C27267BB8FA00F087C6 /* Base */,
			);
			name = Main.storyboard;
			sourceTree = "<group>";
		};
		9C068C2B267BB8FF00F087C6 /* LaunchScreen.storyboard */ = {
			isa = PBXVariantGroup;
			children = (
				9C068C2C267BB8FF00F087C6 /* Base */,
			);
			name = LaunchScreen.storyboard;
			sourceTree = "<group>";
		};
/* End PBXVariantGroup section */

/* Begin XCBuildConfiguration section */
		9C068C47267BB8FF00F087C6 /* Debug */ = {
			isa = XCBuildConfiguration;
			buildSettings = {
				ALWAYS_SEARCH_USER_PATHS = NO;
				CLANG_ANALYZER_NONNULL = YES;
				CLANG_ANALYZER_NUMBER_OBJECT_CONVERSION = YES_AGGRESSIVE;
				CLANG_CXX_LANGUAGE_STANDARD = "gnu++14";
				CLANG_CXX_LIBRARY = "libc++";
				CLANG_ENABLE_MODULES = YES;
				CLANG_ENABLE_OBJC_ARC = YES;
				CLANG_ENABLE_OBJC_WEAK = YES;
				CLANG_WARN_BLOCK_CAPTURE_AUTORELEASING = YES;
				CLANG_WARN_BOOL_CONVERSION = YES;
				CLANG_WARN_COMMA = YES;
				CLANG_WARN_CONSTANT_CONVERSION = YES;
				CLANG_WARN_DEPRECATED_OBJC_IMPLEMENTATIONS = YES;
				CLANG_WARN_DIRECT_OBJC_ISA_USAGE = YES_ERROR;
				CLANG_WARN_DOCUMENTATION_COMMENTS = YES;
				CLANG_WARN_EMPTY_BODY = YES;
				CLANG_WARN_ENUM_CONVERSION = YES;
				CLANG_WARN_INFINITE_RECURSION = YES;
				CLANG_WARN_INT_CONVERSION = YES;
				CLANG_WARN_NON_LITERAL_NULL_CONVERSION = YES;
				CLANG_WARN_OBJC_IMPLICIT_RETAIN_SELF = YES;
				CLANG_WARN_OBJC_LITERAL_CONVERSION = YES;
				CLANG_WARN_OBJC_ROOT_CLASS = YES_ERROR;
				CLANG_WARN_QUOTED_INCLUDE_IN_FRAMEWORK_HEADER = YES;
				CLANG_WARN_RANGE_LOOP_ANALYSIS = YES;
				CLANG_WARN_STRICT_PROTOTYPES = YES;
				CLANG_WARN_SUSPICIOUS_MOVE = YES;
				CLANG_WARN_UNGUARDED_AVAILABILITY = YES_AGGRESSIVE;
				CLANG_WARN_UNREACHABLE_CODE = YES;
				CLANG_WARN__DUPLICATE_METHOD_MATCH = YES;
				COPY_PHASE_STRIP = NO;
				DEBUG_INFORMATION_FORMAT = dwarf;
				ENABLE_STRICT_OBJC_MSGSEND = YES;
				ENABLE_TESTABILITY = YES;
				GCC_C_LANGUAGE_STANDARD = gnu11;
				GCC_DYNAMIC_NO_PIC = NO;
				GCC_NO_COMMON_BLOCKS = YES;
				GCC_OPTIMIZATION_LEVEL = 0;
				GCC_PREPROCESSOR_DEFINITIONS = (
					"DEBUG=1",
					"$(inherited)",
				);
				GCC_WARN_64_TO_32_BIT_CONVERSION = YES;
				GCC_WARN_ABOUT_RETURN_TYPE = YES_ERROR;
				GCC_WARN_UNDECLARED_SELECTOR = YES;
				GCC_WARN_UNINITIALIZED_AUTOS = YES_AGGRESSIVE;
				GCC_WARN_UNUSED_FUNCTION = YES;
				GCC_WARN_UNUSED_VARIABLE = YES;
				IPHONEOS_DEPLOYMENT_TARGET = 14.5;
				MTL_ENABLE_DEBUG_INFO = INCLUDE_SOURCE;
				MTL_FAST_MATH = YES;
				ONLY_ACTIVE_ARCH = YES;
				SDKROOT = iphoneos;
			};
			name = Debug;
		};
		9C068C48267BB8FF00F087C6 /* Release */ = {
			isa = XCBuildConfiguration;
			buildSettings = {
				ALWAYS_SEARCH_USER_PATHS = NO;
				CLANG_ANALYZER_NONNULL = YES;
				CLANG_ANALYZER_NUMBER_OBJECT_CONVERSION = YES_AGGRESSIVE;
				CLANG_CXX_LANGUAGE_STANDARD = "gnu++14";
				CLANG_CXX_LIBRARY = "libc++";
				CLANG_ENABLE_MODULES = YES;
				CLANG_ENABLE_OBJC_ARC = YES;
				CLANG_ENABLE_OBJC_WEAK = YES;
				CLANG_WARN_BLOCK_CAPTURE_AUTORELEASING = YES;
				CLANG_WARN_BOOL_CONVERSION = YES;
				CLANG_WARN_COMMA = YES;
				CLANG_WARN_CONSTANT_CONVERSION = YES;
				CLANG_WARN_DEPRECATED_OBJC_IMPLEMENTATIONS = YES;
				CLANG_WARN_DIRECT_OBJC_ISA_USAGE = YES_ERROR;
				CLANG_WARN_DOCUMENTATION_COMMENTS = YES;
				CLANG_WARN_EMPTY_BODY = YES;
				CLANG_WARN_ENUM_CONVERSION = YES;
				CLANG_WARN_INFINITE_RECURSION = YES;
				CLANG_WARN_INT_CONVERSION = YES;
				CLANG_WARN_NON_LITERAL_NULL_CONVERSION = YES;
				CLANG_WARN_OBJC_IMPLICIT_RETAIN_SELF = YES;
				CLANG_WARN_OBJC_LITERAL_CONVERSION = YES;
				CLANG_WARN_OBJC_ROOT_CLASS = YES_ERROR;
				CLANG_WARN_QUOTED_INCLUDE_IN_FRAMEWORK_HEADER = YES;
				CLANG_WARN_RANGE_LOOP_ANALYSIS = YES;
				CLANG_WARN_STRICT_PROTOTYPES = YES;
				CLANG_WARN_SUSPICIOUS_MOVE = YES;
				CLANG_WARN_UNGUARDED_AVAILABILITY = YES_AGGRESSIVE;
				CLANG_WARN_UNREACHABLE_CODE = YES;
				CLANG_WARN__DUPLICATE_METHOD_MATCH = YES;
				COPY_PHASE_STRIP = NO;
				DEBUG_INFORMATION_FORMAT = "dwarf-with-dsym";
				ENABLE_NS_ASSERTIONS = NO;
				ENABLE_STRICT_OBJC_MSGSEND = YES;
				GCC_C_LANGUAGE_STANDARD = gnu11;
				GCC_NO_COMMON_BLOCKS = YES;
				GCC_WARN_64_TO_32_BIT_CONVERSION = YES;
				GCC_WARN_ABOUT_RETURN_TYPE = YES_ERROR;
				GCC_WARN_UNDECLARED_SELECTOR = YES;
				GCC_WARN_UNINITIALIZED_AUTOS = YES_AGGRESSIVE;
				GCC_WARN_UNUSED_FUNCTION = YES;
				GCC_WARN_UNUSED_VARIABLE = YES;
				IPHONEOS_DEPLOYMENT_TARGET = 14.5;
				MTL_ENABLE_DEBUG_INFO = NO;
				MTL_FAST_MATH = YES;
				SDKROOT = iphoneos;
				VALIDATE_PRODUCT = YES;
			};
			name = Release;
		};
		9C068C4A267BB8FF00F087C6 /* Debug */ = {
			isa = XCBuildConfiguration;
			baseConfigurationReference = 96359A3D3FE2FFFA60DE4EE7 /* Pods-ParseChat.debug.xcconfig */;
			buildSettings = {
				ASSETCATALOG_COMPILER_APPICON_NAME = AppIcon;
				ASSETCATALOG_COMPILER_GLOBAL_ACCENT_COLOR_NAME = AccentColor;
				CODE_SIGN_STYLE = Automatic;
				DEVELOPMENT_TEAM = Q98J5T49DG;
				INFOPLIST_FILE = ParseChat/Info.plist;
				LD_RUNPATH_SEARCH_PATHS = (
					"$(inherited)",
					"@executable_path/Frameworks",
				);
				PRODUCT_BUNDLE_IDENTIFIER = "alexis.rojaswestall-gmail.com.ParseChat";
				PRODUCT_NAME = "$(TARGET_NAME)";
				TARGETED_DEVICE_FAMILY = "1,2";
			};
			name = Debug;
		};
		9C068C4B267BB8FF00F087C6 /* Release */ = {
			isa = XCBuildConfiguration;
			baseConfigurationReference = 7C818DAC5938617EE174F0CC /* Pods-ParseChat.release.xcconfig */;
			buildSettings = {
				ASSETCATALOG_COMPILER_APPICON_NAME = AppIcon;
				ASSETCATALOG_COMPILER_GLOBAL_ACCENT_COLOR_NAME = AccentColor;
				CODE_SIGN_STYLE = Automatic;
				DEVELOPMENT_TEAM = Q98J5T49DG;
				INFOPLIST_FILE = ParseChat/Info.plist;
				LD_RUNPATH_SEARCH_PATHS = (
					"$(inherited)",
					"@executable_path/Frameworks",
				);
				PRODUCT_BUNDLE_IDENTIFIER = "alexis.rojaswestall-gmail.com.ParseChat";
				PRODUCT_NAME = "$(TARGET_NAME)";
				TARGETED_DEVICE_FAMILY = "1,2";
			};
			name = Release;
		};
		9C068C4D267BB8FF00F087C6 /* Debug */ = {
			isa = XCBuildConfiguration;
			baseConfigurationReference = 43DBF3637B721DDC2731507E /* Pods-ParseChatTests.debug.xcconfig */;
			buildSettings = {
				BUNDLE_LOADER = "$(TEST_HOST)";
				CODE_SIGN_STYLE = Automatic;
				DEVELOPMENT_TEAM = Q98J5T49DG;
				INFOPLIST_FILE = ParseChatTests/Info.plist;
				IPHONEOS_DEPLOYMENT_TARGET = 14.5;
				LD_RUNPATH_SEARCH_PATHS = (
					"$(inherited)",
					"@executable_path/Frameworks",
					"@loader_path/Frameworks",
				);
				PRODUCT_BUNDLE_IDENTIFIER = "alexis.rojaswestall-gmail.com.ParseChatTests";
				PRODUCT_NAME = "$(TARGET_NAME)";
				TARGETED_DEVICE_FAMILY = "1,2";
				TEST_HOST = "$(BUILT_PRODUCTS_DIR)/ParseChat.app/ParseChat";
			};
			name = Debug;
		};
		9C068C4E267BB8FF00F087C6 /* Release */ = {
			isa = XCBuildConfiguration;
			baseConfigurationReference = 93A08A0F23EE42504AD054F7 /* Pods-ParseChatTests.release.xcconfig */;
			buildSettings = {
				BUNDLE_LOADER = "$(TEST_HOST)";
				CODE_SIGN_STYLE = Automatic;
				DEVELOPMENT_TEAM = Q98J5T49DG;
				INFOPLIST_FILE = ParseChatTests/Info.plist;
				IPHONEOS_DEPLOYMENT_TARGET = 14.5;
				LD_RUNPATH_SEARCH_PATHS = (
					"$(inherited)",
					"@executable_path/Frameworks",
					"@loader_path/Frameworks",
				);
				PRODUCT_BUNDLE_IDENTIFIER = "alexis.rojaswestall-gmail.com.ParseChatTests";
				PRODUCT_NAME = "$(TARGET_NAME)";
				TARGETED_DEVICE_FAMILY = "1,2";
				TEST_HOST = "$(BUILT_PRODUCTS_DIR)/ParseChat.app/ParseChat";
			};
			name = Release;
		};
		9C068C50267BB8FF00F087C6 /* Debug */ = {
			isa = XCBuildConfiguration;
			baseConfigurationReference = 09BF74B0DA2FA35A2DBAC54A /* Pods-ParseChat-ParseChatUITests.debug.xcconfig */;
			buildSettings = {
				CODE_SIGN_STYLE = Automatic;
				DEVELOPMENT_TEAM = Q98J5T49DG;
				INFOPLIST_FILE = ParseChatUITests/Info.plist;
				LD_RUNPATH_SEARCH_PATHS = (
					"$(inherited)",
					"@executable_path/Frameworks",
					"@loader_path/Frameworks",
				);
				PRODUCT_BUNDLE_IDENTIFIER = "alexis.rojaswestall-gmail.com.ParseChatUITests";
				PRODUCT_NAME = "$(TARGET_NAME)";
				TARGETED_DEVICE_FAMILY = "1,2";
				TEST_TARGET_NAME = ParseChat;
			};
			name = Debug;
		};
		9C068C51267BB8FF00F087C6 /* Release */ = {
			isa = XCBuildConfiguration;
			baseConfigurationReference = 3B5BEF223E09F452609850C1 /* Pods-ParseChat-ParseChatUITests.release.xcconfig */;
			buildSettings = {
				CODE_SIGN_STYLE = Automatic;
				DEVELOPMENT_TEAM = Q98J5T49DG;
				INFOPLIST_FILE = ParseChatUITests/Info.plist;
				LD_RUNPATH_SEARCH_PATHS = (
					"$(inherited)",
					"@executable_path/Frameworks",
					"@loader_path/Frameworks",
				);
				PRODUCT_BUNDLE_IDENTIFIER = "alexis.rojaswestall-gmail.com.ParseChatUITests";
				PRODUCT_NAME = "$(TARGET_NAME)";
				TARGETED_DEVICE_FAMILY = "1,2";
				TEST_TARGET_NAME = ParseChat;
			};
			name = Release;
		};
/* End XCBuildConfiguration section */

/* Begin XCConfigurationList section */
		9C068C15267BB8FA00F087C6 /* Build configuration list for PBXProject "ParseChat" */ = {
			isa = XCConfigurationList;
			buildConfigurations = (
				9C068C47267BB8FF00F087C6 /* Debug */,
				9C068C48267BB8FF00F087C6 /* Release */,
			);
			defaultConfigurationIsVisible = 0;
			defaultConfigurationName = Release;
		};
		9C068C49267BB8FF00F087C6 /* Build configuration list for PBXNativeTarget "ParseChat" */ = {
			isa = XCConfigurationList;
			buildConfigurations = (
				9C068C4A267BB8FF00F087C6 /* Debug */,
				9C068C4B267BB8FF00F087C6 /* Release */,
			);
			defaultConfigurationIsVisible = 0;
			defaultConfigurationName = Release;
		};
		9C068C4C267BB8FF00F087C6 /* Build configuration list for PBXNativeTarget "ParseChatTests" */ = {
			isa = XCConfigurationList;
			buildConfigurations = (
				9C068C4D267BB8FF00F087C6 /* Debug */,
				9C068C4E267BB8FF00F087C6 /* Release */,
			);
			defaultConfigurationIsVisible = 0;
			defaultConfigurationName = Release;
		};
		9C068C4F267BB8FF00F087C6 /* Build configuration list for PBXNativeTarget "ParseChatUITests" */ = {
			isa = XCConfigurationList;
			buildConfigurations = (
				9C068C50267BB8FF00F087C6 /* Debug */,
				9C068C51267BB8FF00F087C6 /* Release */,
			);
			defaultConfigurationIsVisible = 0;
			defaultConfigurationName = Release;
		};
/* End XCConfigurationList section */
	};
	rootObject = 9C068C12267BB8FA00F087C6 /* Project object */;
}
